
Microsoft Visual Studio Solution File, Format Version 12.00
# Visual Studio 15
VisualStudioVersion = 15.0.26124.0
MinimumVisualStudioVersion = 15.0.26124.0
Project("{F2A71F9B-5D33-465A-A702-920D77279786}") = "Praefectus.Console", "Praefectus.Console\Praefectus.Console.fsproj", "{38E735EF-05F1-4E21-A489-C23AF2C872F2}"
EndProject
Project("{2150E333-8FDC-42A3-9474-1A3956D46DE8}") = "docs", "docs", "{C78ED648-976E-43C5-BD3F-57798CD950D3}"
ProjectSection(SolutionItems) = preProject
	docs\1.development-process.md = docs\1.development-process.md
	docs\2.configuration.md = docs\2.configuration.md
	docs\3.data-storage.md = docs\3.data-storage.md
	docs\4.task-ordering.md = docs\4.task-ordering.md
EndProjectSection
EndProject
Project("{2150E333-8FDC-42A3-9474-1A3956D46DE8}") = ".github", ".github", "{8DD1BAFA-86F9-49E2-A1A9-64A4F8C28535}"
EndProject
Project("{2150E333-8FDC-42A3-9474-1A3956D46DE8}") = "workflows", "workflows", "{9FA2357A-7ED1-4B94-8987-5E6E38A32343}"
ProjectSection(SolutionItems) = preProject
	.github\workflows\main.yml = .github\workflows\main.yml
EndProjectSection
EndProject
Project("{2150E333-8FDC-42A3-9474-1A3956D46DE8}") = "Solution Items", "Solution Items", "{3D938AF4-0BA3-4D31-9FED-E8272B7A72B9}"
ProjectSection(SolutionItems) = preProject
	.editorconfig = .editorconfig
	.gitignore = .gitignore
	Directory.Build.props = Directory.Build.props
	License.md = License.md
	global.json = global.json
	NuGet.Config = NuGet.Config
	CONTRIBUTING.md = CONTRIBUTING.md
	README.md = README.md
EndProjectSection
EndProject
Project("{F2A71F9B-5D33-465A-A702-920D77279786}") = "Praefectus.Tests", "Praefectus.Tests\Praefectus.Tests.fsproj", "{99061F2D-EF4A-4E5B-B9C2-549D0026DA93}"
EndProject
Project("{2150E333-8FDC-42A3-9474-1A3956D46DE8}") = "rfcs", "rfcs", "{30773A27-35FE-4360-B3F7-1D9B08E6973A}"
ProjectSection(SolutionItems) = preProject
	docs\rfcs\command-line-interface.md = docs\rfcs\command-line-interface.md
	docs\rfcs\tasks-and-attributes.md = docs\rfcs\tasks-and-attributes.md
	docs\rfcs\version-control.md = docs\rfcs\version-control.md
EndProjectSection
EndProject
Project("{2150E333-8FDC-42A3-9474-1A3956D46DE8}") = "scripts", "scripts", "{B0720CD7-C3D3-4FC1-986D-83D8AC8FC283}"
ProjectSection(SolutionItems) = preProject
	scripts\Approve-All.ps1 = scripts\Approve-All.ps1
	scripts\Test-Encoding.ps1 = scripts\Test-Encoding.ps1
EndProjectSection
EndProject
Project("{F2A71F9B-5D33-465A-A702-920D77279786}") = "Praefectus.Core", "Praefectus.Core\Praefectus.Core.fsproj", "{082A0B0E-2593-4149-A420-0EC783B4EC0A}"
EndProject
Project("{F2A71F9B-5D33-465A-A702-920D77279786}") = "Praefectus.Storage", "Praefectus.Storage\Praefectus.Storage.fsproj", "{B6852C90-C78C-4951-B1A5-11440C19E07A}"
EndProject
Project("{F2A71F9B-5D33-465A-A702-920D77279786}") = "Praefectus.Utils", "Praefectus.Utils\Praefectus.Utils.fsproj", "{0D369620-CC71-4136-805C-84007673E41D}"
EndProject
Project("{F2A71F9B-5D33-465A-A702-920D77279786}") = "Praefectus.Example", "Praefectus.Example\Praefectus.Example.fsproj", "{A42FF06A-A6E5-4F1A-B61E-4DE00D29D7D8}"
EndProject
Global
	GlobalSection(SolutionConfigurationPlatforms) = preSolution
		Debug|Any CPU = Debug|Any CPU
		Release|Any CPU = Release|Any CPU
	EndGlobalSection
	GlobalSection(SolutionProperties) = preSolution
		HideSolutionNode = FALSE
	EndGlobalSection
	GlobalSection(ProjectConfigurationPlatforms) = postSolution
		{38E735EF-05F1-4E21-A489-C23AF2C872F2}.Debug|Any CPU.ActiveCfg = Debug|Any CPU
		{38E735EF-05F1-4E21-A489-C23AF2C872F2}.Debug|Any CPU.Build.0 = Debug|Any CPU
		{38E735EF-05F1-4E21-A489-C23AF2C872F2}.Release|Any CPU.ActiveCfg = Release|Any CPU
		{38E735EF-05F1-4E21-A489-C23AF2C872F2}.Release|Any CPU.Build.0 = Release|Any CPU
		{99061F2D-EF4A-4E5B-B9C2-549D0026DA93}.Debug|Any CPU.ActiveCfg = Debug|Any CPU
		{99061F2D-EF4A-4E5B-B9C2-549D0026DA93}.Debug|Any CPU.Build.0 = Debug|Any CPU
		{99061F2D-EF4A-4E5B-B9C2-549D0026DA93}.Release|Any CPU.ActiveCfg = Release|Any CPU
		{99061F2D-EF4A-4E5B-B9C2-549D0026DA93}.Release|Any CPU.Build.0 = Release|Any CPU
		{082A0B0E-2593-4149-A420-0EC783B4EC0A}.Debug|Any CPU.ActiveCfg = Debug|Any CPU
		{082A0B0E-2593-4149-A420-0EC783B4EC0A}.Debug|Any CPU.Build.0 = Debug|Any CPU
		{082A0B0E-2593-4149-A420-0EC783B4EC0A}.Release|Any CPU.ActiveCfg = Release|Any CPU
		{082A0B0E-2593-4149-A420-0EC783B4EC0A}.Release|Any CPU.Build.0 = Release|Any CPU
		{B6852C90-C78C-4951-B1A5-11440C19E07A}.Debug|Any CPU.ActiveCfg = Debug|Any CPU
		{B6852C90-C78C-4951-B1A5-11440C19E07A}.Debug|Any CPU.Build.0 = Debug|Any CPU
		{B6852C90-C78C-4951-B1A5-11440C19E07A}.Release|Any CPU.ActiveCfg = Release|Any CPU
		{B6852C90-C78C-4951-B1A5-11440C19E07A}.Release|Any CPU.Build.0 = Release|Any CPU
		{0D369620-CC71-4136-805C-84007673E41D}.Debug|Any CPU.ActiveCfg = Debug|Any CPU
		{0D369620-CC71-4136-805C-84007673E41D}.Debug|Any CPU.Build.0 = Debug|Any CPU
		{0D369620-CC71-4136-805C-84007673E41D}.Release|Any CPU.ActiveCfg = Release|Any CPU
		{0D369620-CC71-4136-805C-84007673E41D}.Release|Any CPU.Build.0 = Release|Any CPU
		{A42FF06A-A6E5-4F1A-B61E-4DE00D29D7D8}.Debug|Any CPU.ActiveCfg = Debug|Any CPU
		{A42FF06A-A6E5-4F1A-B61E-4DE00D29D7D8}.Debug|Any CPU.Build.0 = Debug|Any CPU
		{A42FF06A-A6E5-4F1A-B61E-4DE00D29D7D8}.Release|Any CPU.ActiveCfg = Release|Any CPU
		{A42FF06A-A6E5-4F1A-B61E-4DE00D29D7D8}.Release|Any CPU.Build.0 = Release|Any CPU
	EndGlobalSection
	GlobalSection(NestedProjects) = preSolution
		{9FA2357A-7ED1-4B94-8987-5E6E38A32343} = {8DD1BAFA-86F9-49E2-A1A9-64A4F8C28535}
		{30773A27-35FE-4360-B3F7-1D9B08E6973A} = {C78ED648-976E-43C5-BD3F-57798CD950D3}
	EndGlobalSection
EndGlobal
