
Microsoft Visual Studio Solution File, Format Version 12.00
# Visual Studio 15
VisualStudioVersion = 15.0.26403.3
MinimumVisualStudioVersion = 10.0.40219.1
Project("{FAE04EC0-301F-11D3-BF4B-00C04F79EFBC}") = "Taskomatic.Gui", "Taskomatic.Gui\Taskomatic.Gui.csproj", "{869B83C8-984E-469F-AACF-7EAF5DB97D43}"
EndProject
Project("{2150E333-8FDC-42A3-9474-1A3956D46DE8}") = "Solution Items", "Solution Items", "{67D2633B-0C51-49ED-AA4D-0875A6D4BFE4}"
	ProjectSection(SolutionItems) = preProject
		.editorconfig = .editorconfig
		.gitignore = .gitignore
		License.md = License.md
		Readme.md = Readme.md
	EndProjectSection
EndProject
Project("{FAE04EC0-301F-11D3-BF4B-00C04F79EFBC}") = "Taskomatic.Core", "Taskomatic.Core\Taskomatic.Core.csproj", "{3415E384-9F0D-49F6-8742-E79A91C1B7BB}"
EndProject
Project("{FAE04EC0-301F-11D3-BF4B-00C04F79EFBC}") = "Taskomatic.Tests", "Taskomatic.Tests\Taskomatic.Tests.csproj", "{C3FCFE44-ED76-456C-8E14-E3EC816CFEB8}"
EndProject
Global
	GlobalSection(SolutionConfigurationPlatforms) = preSolution
		Debug|Any CPU = Debug|Any CPU
		Release|Any CPU = Release|Any CPU
	EndGlobalSection
	GlobalSection(ProjectConfigurationPlatforms) = postSolution
		{869B83C8-984E-469F-AACF-7EAF5DB97D43}.Debug|Any CPU.ActiveCfg = Debug|Any CPU
		{869B83C8-984E-469F-AACF-7EAF5DB97D43}.Debug|Any CPU.Build.0 = Debug|Any CPU
		{869B83C8-984E-469F-AACF-7EAF5DB97D43}.Release|Any CPU.ActiveCfg = Release|Any CPU
		{869B83C8-984E-469F-AACF-7EAF5DB97D43}.Release|Any CPU.Build.0 = Release|Any CPU
		{3415E384-9F0D-49F6-8742-E79A91C1B7BB}.Debug|Any CPU.ActiveCfg = Debug|Any CPU
		{3415E384-9F0D-49F6-8742-E79A91C1B7BB}.Debug|Any CPU.Build.0 = Debug|Any CPU
		{3415E384-9F0D-49F6-8742-E79A91C1B7BB}.Release|Any CPU.ActiveCfg = Release|Any CPU
		{3415E384-9F0D-49F6-8742-E79A91C1B7BB}.Release|Any CPU.Build.0 = Release|Any CPU
		{C3FCFE44-ED76-456C-8E14-E3EC816CFEB8}.Debug|Any CPU.ActiveCfg = Debug|Any CPU
		{C3FCFE44-ED76-456C-8E14-E3EC816CFEB8}.Debug|Any CPU.Build.0 = Debug|Any CPU
		{C3FCFE44-ED76-456C-8E14-E3EC816CFEB8}.Release|Any CPU.ActiveCfg = Release|Any CPU
		{C3FCFE44-ED76-456C-8E14-E3EC816CFEB8}.Release|Any CPU.Build.0 = Release|Any CPU
	EndGlobalSection
	GlobalSection(SolutionProperties) = preSolution
		HideSolutionNode = FALSE
	EndGlobalSection
EndGlobal
