{
  "version": 1,
  "dependencies": {
    ".NETCoreApp,Version=v3.1": {
      "FSharp.Core": {
        "type": "Direct",
        "requested": "[4.7.1, )",
        "resolved": "4.7.1",
        "contentHash": "cQ4Dn5mFIWnJF8MmL49k2V6L8mtInDrXopskNFbpC4lsPdspTn7WzUQLylB4HU4tpi76ManXMVCAvtlYowTfHQ=="
      }
    }
  }
}