{
  "version": 1,
  "dependencies": {
    ".NETCoreApp,Version=v3.1": {
      "FSharp.Core": {
        "type": "Direct",
        "requested": "[4.7.0, )",
        "resolved": "4.7.0",
        "contentHash": "6Bf2qzSCaJoP6tTfO+a5muUS7QbyJANqSut73zQvwQ9It5P0ITz9VKseeia2ofco30c55EQ0jA2wf2+A2gpGnw=="
      },
      "FSharp.SystemTextJson": {
        "type": "Direct",
        "requested": "[0.11.13, )",
        "resolved": "0.11.13",
        "contentHash": "r50Vv8bsqbsQIh82xA0wy4Vg2ING3018mKAmzSzNSGDmtWqyGxobwko6NbsQ8kV50HKLdTqbiA8N6WgRejSaAA==",
        "dependencies": {
          "FSharp.Core": "4.7.0"
        }
      },
      "System.Text.Json": {
        "type": "Direct",
        "requested": "[4.7.2, )",
        "resolved": "4.7.2",
        "contentHash": "TcMd95wcrubm9nHvJEQs70rC0H/8omiSGGpU4FQ/ZA1URIqD4pjmFJh2Mfv1yH1eHgJDWTi2hMDXwTET+zOOyg=="
      },
      "praefectus.core": {
        "type": "Project",
        "dependencies": {
          "FSharp.Core": "4.7.0"
        }
      }
    }
  }
}